
Microsoft Visual Studio Solution File, Format Version 12.00
# Visual Studio Version 17
VisualStudioVersion = 17.5.33502.453
MinimumVisualStudioVersion = 10.0.40219.1
Project("{2150E333-8FDC-42A3-9474-1A3956D46DE8}") = "Internal", "Internal", "{4DABC4C4-E68E-42B2-B1D0-FEE2340E17E9}"
	ProjectSection(SolutionItems) = preProject
		Internal\.editorconfig = Internal\.editorconfig
	EndProjectSection
EndProject
Project("{2150E333-8FDC-42A3-9474-1A3956D46DE8}") = "Scripts", "Scripts", "{E5442924-07AE-48AA-AE4F-C87D3B84472E}"
EndProject
Project("{2150E333-8FDC-42A3-9474-1A3956D46DE8}") = "Dlls", "Dlls", "{E098FF3F-719A-4789-A777-7C8AB5452FA9}"
	ProjectSection(SolutionItems) = preProject
		Dlls\ABOUT.md = Dlls\ABOUT.md
	EndProjectSection
EndProject
Project("{2150E333-8FDC-42A3-9474-1A3956D46DE8}") = "CompanionFiles", "CompanionFiles", "{8D720923-A260-492F-90BA-A1779AC900FA}"
EndProject
Project("{2150E333-8FDC-42A3-9474-1A3956D46DE8}") = "Skyline DataMiner", "Skyline DataMiner", "{1FB4F230-D2AA-4E27-91C2-55BEF4D6BB74}"
	ProjectSection(SolutionItems) = preProject
		CompanionFiles\Skyline DataMiner\AboutThisFolder.md = CompanionFiles\Skyline DataMiner\AboutThisFolder.md
	EndProjectSection
EndProject
Project("{2150E333-8FDC-42A3-9474-1A3956D46DE8}") = "Documentation", "Documentation", "{A64D5E5D-E8A0-473B-B5C8-0B89048A64D7}"
	ProjectSection(SolutionItems) = preProject
		Documentation\ABOUT.md = Documentation\ABOUT.md
		README.md = README.md
	EndProjectSection
EndProject
Project("{2150E333-8FDC-42A3-9474-1A3956D46DE8}") = "Tests", "Tests", "{F8938D60-51A0-4880-9CFC-19C66379BB5D}"
EndProject
Project("{2150E333-8FDC-42A3-9474-1A3956D46DE8}") = "Code Analysis", "Code Analysis", "{2AEAE0BC-4F64-40DE-B7FB-3B06C237104A}"
	ProjectSection(SolutionItems) = preProject
		Internal\Code Analysis\qaction-debug.ruleset = Internal\Code Analysis\qaction-debug.ruleset
		Internal\Code Analysis\qaction-release.ruleset = Internal\Code Analysis\qaction-release.ruleset
		Internal\Code Analysis\stylecop.json = Internal\Code Analysis\stylecop.json
	EndProjectSection
EndProject
Project("{2150E333-8FDC-42A3-9474-1A3956D46DE8}") = "SetParameter", "SetParameter", "{FF1D13ED-A148-48A4-92FD-6F2DBB307B26}"
	ProjectSection(SolutionItems) = preProject
		SetParameter.xml = SetParameter.xml
	EndProjectSection
EndProject
Project("{2150E333-8FDC-42A3-9474-1A3956D46DE8}") = "Actions", "Actions", "{0DC93C07-9F06-4678-B871-8BDFD6A6EC54}"
EndProject
Project("{9A19103F-16F7-4668-BE54-9A1E7A4F7556}") = "SetParameter_1", "SetParameter_1\SetParameter_1.csproj", "{88BA8347-961A-4B37-A387-4BE892DD4CAE}"
EndProject
Global
	GlobalSection(SolutionConfigurationPlatforms) = preSolution
		Debug|Any CPU = Debug|Any CPU
		Release|Any CPU = Release|Any CPU
	EndGlobalSection
	GlobalSection(ProjectConfigurationPlatforms) = postSolution
		{88BA8347-961A-4B37-A387-4BE892DD4CAE}.Debug|Any CPU.ActiveCfg = Debug|Any CPU
		{88BA8347-961A-4B37-A387-4BE892DD4CAE}.Debug|Any CPU.Build.0 = Debug|Any CPU
		{88BA8347-961A-4B37-A387-4BE892DD4CAE}.Release|Any CPU.ActiveCfg = Release|Any CPU
		{88BA8347-961A-4B37-A387-4BE892DD4CAE}.Release|Any CPU.Build.0 = Release|Any CPU
	EndGlobalSection
	GlobalSection(SolutionProperties) = preSolution
		HideSolutionNode = FALSE
	EndGlobalSection
	GlobalSection(NestedProjects) = preSolution
		{1FB4F230-D2AA-4E27-91C2-55BEF4D6BB74} = {8D720923-A260-492F-90BA-A1779AC900FA}
		{2AEAE0BC-4F64-40DE-B7FB-3B06C237104A} = {4DABC4C4-E68E-42B2-B1D0-FEE2340E17E9}
		{FF1D13ED-A148-48A4-92FD-6F2DBB307B26} = {E5442924-07AE-48AA-AE4F-C87D3B84472E}
		{0DC93C07-9F06-4678-B871-8BDFD6A6EC54} = {FF1D13ED-A148-48A4-92FD-6F2DBB307B26}
		{88BA8347-961A-4B37-A387-4BE892DD4CAE} = {0DC93C07-9F06-4678-B871-8BDFD6A6EC54}
	EndGlobalSection
	GlobalSection(ExtensibilityGlobals) = postSolution
		SolutionGuid = {A030F5D4-B151-4ADE-B170-11DA30E9AB75}
	EndGlobalSection
EndGlobal
